
Microsoft Visual Studio Solution File, Format Version 12.00
# Visual Studio Version 16
VisualStudioVersion = 16.0.30128.74
MinimumVisualStudioVersion = 10.0.40219.1
Project("{FAE04EC0-301F-11D3-BF4B-00C04F79EFBC}") = "Циклы 11.06 №1", "Циклы 11.06 №1\Циклы 11.06 №1.csproj", "{F422F5D0-2F51-48B9-B63E-D8A58AEAF861}"
EndProject
Global
	GlobalSection(SolutionConfigurationPlatforms) = preSolution
		Debug|Any CPU = Debug|Any CPU
		Release|Any CPU = Release|Any CPU
	EndGlobalSection
	GlobalSection(ProjectConfigurationPlatforms) = postSolution
		{F422F5D0-2F51-48B9-B63E-D8A58AEAF861}.Debug|Any CPU.ActiveCfg = Debug|Any CPU
		{F422F5D0-2F51-48B9-B63E-D8A58AEAF861}.Debug|Any CPU.Build.0 = Debug|Any CPU
		{F422F5D0-2F51-48B9-B63E-D8A58AEAF861}.Release|Any CPU.ActiveCfg = Release|Any CPU
		{F422F5D0-2F51-48B9-B63E-D8A58AEAF861}.Release|Any CPU.Build.0 = Release|Any CPU
	EndGlobalSection
	GlobalSection(SolutionProperties) = preSolution
		HideSolutionNode = FALSE
	EndGlobalSection
	GlobalSection(ExtensibilityGlobals) = postSolution
		SolutionGuid = {98A03048-EE86-4BD1-9594-B734AF28242F}
	EndGlobalSection
EndGlobal
